
Microsoft Visual Studio Solution File, Format Version 12.00
# Visual Studio Version 17
VisualStudioVersion = 17.3.32819.101
MinimumVisualStudioVersion = 10.0.40219.1
Project("{FAE04EC0-301F-11D3-BF4B-00C04F79EFBC}") = "TestingProject", "TestingProject\TestingProject.csproj", "{CC758847-6FC1-4D9A-8D6D-86FD3924DC6B}"
EndProject
Global
	GlobalSection(SolutionConfigurationPlatforms) = preSolution
		Debug|Any CPU = Debug|Any CPU
		Release|Any CPU = Release|Any CPU
	EndGlobalSection
	GlobalSection(ProjectConfigurationPlatforms) = postSolution
		{CC758847-6FC1-4D9A-8D6D-86FD3924DC6B}.Debug|Any CPU.ActiveCfg = Debug|Any CPU
		{CC758847-6FC1-4D9A-8D6D-86FD3924DC6B}.Debug|Any CPU.Build.0 = Debug|Any CPU
		{CC758847-6FC1-4D9A-8D6D-86FD3924DC6B}.Release|Any CPU.ActiveCfg = Release|Any CPU
		{CC758847-6FC1-4D9A-8D6D-86FD3924DC6B}.Release|Any CPU.Build.0 = Release|Any CPU
	EndGlobalSection
	GlobalSection(SolutionProperties) = preSolution
		HideSolutionNode = FALSE
	EndGlobalSection
	GlobalSection(ExtensibilityGlobals) = postSolution
		SolutionGuid = {E1ABAFC6-432A-45F4-831C-9AC3FB5EE4B2}
	EndGlobalSection
EndGlobal
